
Microsoft Visual Studio Solution File, Format Version 12.00
# Visual Studio Version 16
VisualStudioVersion = 16.0.32002.261
MinimumVisualStudioVersion = 10.0.40219.1
Project("{FAE04EC0-301F-11D3-BF4B-00C04F79EFBC}") = "Weather", "Weather\Weather.csproj", "{1A8138DA-2EFA-42B8-8AF0-7D68DF6752DE}"
EndProject
Global
	GlobalSection(SolutionConfigurationPlatforms) = preSolution
		Debug|Any CPU = Debug|Any CPU
		Release|Any CPU = Release|Any CPU
	EndGlobalSection
	GlobalSection(ProjectConfigurationPlatforms) = postSolution
		{1A8138DA-2EFA-42B8-8AF0-7D68DF6752DE}.Debug|Any CPU.ActiveCfg = Debug|Any CPU
		{1A8138DA-2EFA-42B8-8AF0-7D68DF6752DE}.Debug|Any CPU.Build.0 = Debug|Any CPU
		{1A8138DA-2EFA-42B8-8AF0-7D68DF6752DE}.Release|Any CPU.ActiveCfg = Release|Any CPU
		{1A8138DA-2EFA-42B8-8AF0-7D68DF6752DE}.Release|Any CPU.Build.0 = Release|Any CPU
	EndGlobalSection
	GlobalSection(SolutionProperties) = preSolution
		HideSolutionNode = FALSE
	EndGlobalSection
	GlobalSection(ExtensibilityGlobals) = postSolution
		SolutionGuid = {2D54A2C3-6867-47D6-8F00-D6103A549266}
	EndGlobalSection
EndGlobal
